
Microsoft Visual Studio Solution File, Format Version 12.00
# Visual Studio Version 16
VisualStudioVersion = 16.0.31313.79
MinimumVisualStudioVersion = 10.0.40219.1
Project("{9A19103F-16F7-4668-BE54-9A1E7A4F7556}") = "DataAccess", "DataAccess\DataAccess.csproj", "{642B1BD1-F767-4E9C-B5D1-D83FB5F75EC8}"
EndProject
Project("{9A19103F-16F7-4668-BE54-9A1E7A4F7556}") = "Business", "Business\Business.csproj", "{D5FDD973-9166-4F45-B030-FFCD67234E25}"
EndProject
Project("{9A19103F-16F7-4668-BE54-9A1E7A4F7556}") = "Entities", "Entities\Entities.csproj", "{783F2827-EB6D-4510-A1B0-8AABD186605B}"
EndProject
Project("{9A19103F-16F7-4668-BE54-9A1E7A4F7556}") = "ConsoleUI", "ConsoleUI\ConsoleUI.csproj", "{7D09F987-06BF-417B-806E-DCE88880F849}"
EndProject
Project("{9A19103F-16F7-4668-BE54-9A1E7A4F7556}") = "Core", "Core\Core.csproj", "{4DD97E37-8A8B-4CC7-BA69-60AE2E115551}"
EndProject
Project("{9A19103F-16F7-4668-BE54-9A1E7A4F7556}") = "WebAPI", "WebAPI\WebAPI.csproj", "{1AC84E26-54F8-4B16-B14B-AD8B1042D994}"
EndProject
Global
	GlobalSection(SolutionConfigurationPlatforms) = preSolution
		Debug|Any CPU = Debug|Any CPU
		Release|Any CPU = Release|Any CPU
	EndGlobalSection
	GlobalSection(ProjectConfigurationPlatforms) = postSolution
		{642B1BD1-F767-4E9C-B5D1-D83FB5F75EC8}.Debug|Any CPU.ActiveCfg = Debug|Any CPU
		{642B1BD1-F767-4E9C-B5D1-D83FB5F75EC8}.Debug|Any CPU.Build.0 = Debug|Any CPU
		{642B1BD1-F767-4E9C-B5D1-D83FB5F75EC8}.Release|Any CPU.ActiveCfg = Release|Any CPU
		{642B1BD1-F767-4E9C-B5D1-D83FB5F75EC8}.Release|Any CPU.Build.0 = Release|Any CPU
		{D5FDD973-9166-4F45-B030-FFCD67234E25}.Debug|Any CPU.ActiveCfg = Debug|Any CPU
		{D5FDD973-9166-4F45-B030-FFCD67234E25}.Debug|Any CPU.Build.0 = Debug|Any CPU
		{D5FDD973-9166-4F45-B030-FFCD67234E25}.Release|Any CPU.ActiveCfg = Release|Any CPU
		{D5FDD973-9166-4F45-B030-FFCD67234E25}.Release|Any CPU.Build.0 = Release|Any CPU
		{783F2827-EB6D-4510-A1B0-8AABD186605B}.Debug|Any CPU.ActiveCfg = Debug|Any CPU
		{783F2827-EB6D-4510-A1B0-8AABD186605B}.Debug|Any CPU.Build.0 = Debug|Any CPU
		{783F2827-EB6D-4510-A1B0-8AABD186605B}.Release|Any CPU.ActiveCfg = Release|Any CPU
		{783F2827-EB6D-4510-A1B0-8AABD186605B}.Release|Any CPU.Build.0 = Release|Any CPU
		{7D09F987-06BF-417B-806E-DCE88880F849}.Debug|Any CPU.ActiveCfg = Debug|Any CPU
		{7D09F987-06BF-417B-806E-DCE88880F849}.Debug|Any CPU.Build.0 = Debug|Any CPU
		{7D09F987-06BF-417B-806E-DCE88880F849}.Release|Any CPU.ActiveCfg = Release|Any CPU
		{7D09F987-06BF-417B-806E-DCE88880F849}.Release|Any CPU.Build.0 = Release|Any CPU
		{4DD97E37-8A8B-4CC7-BA69-60AE2E115551}.Debug|Any CPU.ActiveCfg = Debug|Any CPU
		{4DD97E37-8A8B-4CC7-BA69-60AE2E115551}.Debug|Any CPU.Build.0 = Debug|Any CPU
		{4DD97E37-8A8B-4CC7-BA69-60AE2E115551}.Release|Any CPU.ActiveCfg = Release|Any CPU
		{4DD97E37-8A8B-4CC7-BA69-60AE2E115551}.Release|Any CPU.Build.0 = Release|Any CPU
		{1AC84E26-54F8-4B16-B14B-AD8B1042D994}.Debug|Any CPU.ActiveCfg = Debug|Any CPU
		{1AC84E26-54F8-4B16-B14B-AD8B1042D994}.Debug|Any CPU.Build.0 = Debug|Any CPU
		{1AC84E26-54F8-4B16-B14B-AD8B1042D994}.Release|Any CPU.ActiveCfg = Release|Any CPU
		{1AC84E26-54F8-4B16-B14B-AD8B1042D994}.Release|Any CPU.Build.0 = Release|Any CPU
	EndGlobalSection
	GlobalSection(SolutionProperties) = preSolution
		HideSolutionNode = FALSE
	EndGlobalSection
	GlobalSection(ExtensibilityGlobals) = postSolution
		SolutionGuid = {0A890A76-A133-4320-82F4-7F625841D349}
	EndGlobalSection
EndGlobal
